
Microsoft Visual Studio Solution File, Format Version 12.00
# Visual Studio Version 16
VisualStudioVersion = 16.0.31025.194
MinimumVisualStudioVersion = 10.0.40219.1
Project("{9A19103F-16F7-4668-BE54-9A1E7A4F7556}") = "LibraryManagement", "LibraryManagement.csproj", "{F53DD267-824D-42CC-8264-FCB6C7FA29D1}"
EndProject
Project("{FAE04EC0-301F-11D3-BF4B-00C04F79EFBC}") = "LibraryManagement.UnitTests", "..\LibraryManagement.UnitTests\LibraryManagement.UnitTests.csproj", "{4FDB244A-ABD4-4C0F-A021-BCF673A5B7FA}"
EndProject
Global
	GlobalSection(SolutionConfigurationPlatforms) = preSolution
		Debug|Any CPU = Debug|Any CPU
		Release|Any CPU = Release|Any CPU
	EndGlobalSection
	GlobalSection(ProjectConfigurationPlatforms) = postSolution
		{F53DD267-824D-42CC-8264-FCB6C7FA29D1}.Debug|Any CPU.ActiveCfg = Debug|Any CPU
		{F53DD267-824D-42CC-8264-FCB6C7FA29D1}.Debug|Any CPU.Build.0 = Debug|Any CPU
		{F53DD267-824D-42CC-8264-FCB6C7FA29D1}.Release|Any CPU.ActiveCfg = Release|Any CPU
		{F53DD267-824D-42CC-8264-FCB6C7FA29D1}.Release|Any CPU.Build.0 = Release|Any CPU
		{4FDB244A-ABD4-4C0F-A021-BCF673A5B7FA}.Debug|Any CPU.ActiveCfg = Debug|Any CPU
		{4FDB244A-ABD4-4C0F-A021-BCF673A5B7FA}.Debug|Any CPU.Build.0 = Debug|Any CPU
		{4FDB244A-ABD4-4C0F-A021-BCF673A5B7FA}.Release|Any CPU.ActiveCfg = Release|Any CPU
		{4FDB244A-ABD4-4C0F-A021-BCF673A5B7FA}.Release|Any CPU.Build.0 = Release|Any CPU
	EndGlobalSection
	GlobalSection(SolutionProperties) = preSolution
		HideSolutionNode = FALSE
	EndGlobalSection
	GlobalSection(ExtensibilityGlobals) = postSolution
		SolutionGuid = {F79AFEB9-7CA2-4A51-8FD7-47E99CC7B521}
	EndGlobalSection
EndGlobal
